
Microsoft Visual Studio Solution File, Format Version 11.00
# Visual Studio 2010
Project("{FAE04EC0-301F-11D3-BF4B-00C04F79EFBC}") = "ConsoleSender", "udpsenderconsole\ConsoleSender.csproj", "{CC039D95-D8F6-4E0B-B5C7-9C83167F6D96}"
EndProject
Global
	GlobalSection(SolutionConfigurationPlatforms) = preSolution
		Debug|x86 = Debug|x86
		Release|x86 = Release|x86
	EndGlobalSection
	GlobalSection(ProjectConfigurationPlatforms) = postSolution
		{CC039D95-D8F6-4E0B-B5C7-9C83167F6D96}.Debug|x86.ActiveCfg = Debug|x86
		{CC039D95-D8F6-4E0B-B5C7-9C83167F6D96}.Debug|x86.Build.0 = Debug|x86
		{CC039D95-D8F6-4E0B-B5C7-9C83167F6D96}.Release|x86.ActiveCfg = Release|x86
		{CC039D95-D8F6-4E0B-B5C7-9C83167F6D96}.Release|x86.Build.0 = Release|x86
	EndGlobalSection
	GlobalSection(SolutionProperties) = preSolution
		HideSolutionNode = FALSE
	EndGlobalSection
EndGlobal
